
Microsoft Visual Studio Solution File, Format Version 12.00
# Visual Studio 15
VisualStudioVersion = 15.0.28010.2048
MinimumVisualStudioVersion = 10.0.40219.1
Project("{F184B08F-C81C-45F6-A57F-5ABD9991F28F}") = "WindowsApp13", "WindowsApp13\WindowsApp13.vbproj", "{97F686CC-F465-4C11-94EF-F7CCF71EA89E}"
EndProject
Global
	GlobalSection(SolutionConfigurationPlatforms) = preSolution
		Debug|Any CPU = Debug|Any CPU
		Release|Any CPU = Release|Any CPU
	EndGlobalSection
	GlobalSection(ProjectConfigurationPlatforms) = postSolution
		{97F686CC-F465-4C11-94EF-F7CCF71EA89E}.Debug|Any CPU.ActiveCfg = Debug|Any CPU
		{97F686CC-F465-4C11-94EF-F7CCF71EA89E}.Debug|Any CPU.Build.0 = Debug|Any CPU
		{97F686CC-F465-4C11-94EF-F7CCF71EA89E}.Release|Any CPU.ActiveCfg = Release|Any CPU
		{97F686CC-F465-4C11-94EF-F7CCF71EA89E}.Release|Any CPU.Build.0 = Release|Any CPU
	EndGlobalSection
	GlobalSection(SolutionProperties) = preSolution
		HideSolutionNode = FALSE
	EndGlobalSection
	GlobalSection(ExtensibilityGlobals) = postSolution
		SolutionGuid = {4CAC3525-05AC-418F-A0EA-1BF42C40342F}
	EndGlobalSection
EndGlobal
